{
  "nodes": {
    "all-cabal-json": {
      "flake": false,
      "locked": {
        "lastModified": 1665552503,
        "narHash": "sha256-r14RmRSwzv5c+bWKUDaze6pXM7nOsiz1H8nvFHJvufc=",
        "owner": "nix-community",
        "repo": "all-cabal-json",
        "rev": "d7c0434eebffb305071404edcf9d5cd99703878e",
        "type": "github"
      },
      "original": {
        "owner": "nix-community",
        "ref": "hackage",
        "repo": "all-cabal-json",
        "type": "github"
      }
    },
    "crane": {
      "flake": false,
      "locked": {
        "lastModified": 1670900067,
        "narHash": "sha256-VXVa+KBfukhmWizaiGiHRVX/fuk66P8dgSFfkVN4/MY=",
        "owner": "ipetkov",
        "repo": "crane",
        "rev": "59b31b41a589c0a65e4a1f86b0e5eac68081468b",
        "type": "github"
      },
      "original": {
        "owner": "ipetkov",
        "repo": "crane",
        "type": "github"
      }
    },
    "devshell": {
      "flake": false,
      "locked": {
        "lastModified": 1663445644,
        "narHash": "sha256-+xVlcK60x7VY1vRJbNUEAHi17ZuoQxAIH4S4iUFUGBA=",
        "owner": "numtide",
        "repo": "devshell",
        "rev": "e3dc3e21594fe07bdb24bdf1c8657acaa4cb8f66",
        "type": "github"
      },
      "original": {
        "owner": "numtide",
        "repo": "devshell",
        "type": "github"
      }
    },
    "dream2nix": {
      "inputs": {
        "all-cabal-json": "all-cabal-json",
        "crane": "crane",
        "devshell": "devshell",
        "drv-parts": "drv-parts",
        "flake-parts": "flake-parts",
        "flake-utils-pre-commit": "flake-utils-pre-commit",
        "ghc-utils": "ghc-utils",
        "gomod2nix": "gomod2nix",
        "mach-nix": "mach-nix",
        "nix-pypi-fetcher": "nix-pypi-fetcher",
        "nixpkgs": "nixpkgs",
        "nixpkgsV1": "nixpkgsV1",
        "poetry2nix": "poetry2nix",
        "pre-commit-hooks": "pre-commit-hooks",
        "pruned-racket-catalog": "pruned-racket-catalog"
      },
      "locked": {
        "lastModified": 1679378030,
        "narHash": "sha256-ThQCgw1YGcftpWv5hbhxLRCWENWvUBXPMzNUF0XLzQQ=",
        "owner": "nix-community",
        "repo": "dream2nix",
        "rev": "f04f032418555119f1c9c6c5cb60809b48305191",
        "type": "github"
      },
      "original": {
        "owner": "nix-community",
        "repo": "dream2nix",
        "type": "github"
      }
    },
    "drv-parts": {
      "inputs": {
        "flake-compat": "flake-compat",
        "flake-parts": [
          "dream2nix",
          "flake-parts"
        ],
        "nixpkgs": [
          "dream2nix",
          "nixpkgs"
        ]
      },
      "locked": {
        "lastModified": 1679210066,
        "narHash": "sha256-0t6UZrLmIEsH3R8Jk8mo2XFGIPJmSWLsCR6HlSp3va8=",
        "owner": "davhau",
        "repo": "drv-parts",
        "rev": "38f59f9eb2dbcf9ad6b939ec47c005033445f13e",
        "type": "github"
      },
      "original": {
        "owner": "davhau",
        "repo": "drv-parts",
        "type": "github"
      }
    },
    "flake-compat": {
      "flake": false,
      "locked": {
        "lastModified": 1673956053,
        "narHash": "sha256-4gtG9iQuiKITOjNQQeQIpoIB6b16fm+504Ch3sNKLd8=",
        "owner": "edolstra",
        "repo": "flake-compat",
        "rev": "35bb57c0c8d8b62bbfd284272c928ceb64ddbde9",
        "type": "github"
      },
      "original": {
        "owner": "edolstra",
        "repo": "flake-compat",
        "type": "github"
      }
    },
    "flake-compat_2": {
      "flake": false,
      "locked": {
        "lastModified": 1673956053,
        "narHash": "sha256-4gtG9iQuiKITOjNQQeQIpoIB6b16fm+504Ch3sNKLd8=",
        "owner": "edolstra",
        "repo": "flake-compat",
        "rev": "35bb57c0c8d8b62bbfd284272c928ceb64ddbde9",
        "type": "github"
      },
      "original": {
        "owner": "edolstra",
        "repo": "flake-compat",
        "type": "github"
      }
    },
    "flake-parts": {
      "inputs": {
        "nixpkgs-lib": [
          "dream2nix",
          "nixpkgs"
        ]
      },
      "locked": {
        "lastModified": 1675933616,
        "narHash": "sha256-/rczJkJHtx16IFxMmAWu5nNYcSXNg1YYXTHoGjLrLUA=",
        "owner": "hercules-ci",
        "repo": "flake-parts",
        "rev": "47478a4a003e745402acf63be7f9a092d51b83d7",
        "type": "github"
      },
      "original": {
        "owner": "hercules-ci",
        "repo": "flake-parts",
        "type": "github"
      }
    },
    "flake-utils": {
      "locked": {
        "lastModified": 1667395993,
        "narHash": "sha256-nuEHfE/LcWyuSWnS8t12N1wc105Qtau+/OdUAjtQ0rA=",
        "owner": "numtide",
        "repo": "flake-utils",
        "rev": "5aed5285a952e0b949eb3ba02c12fa4fcfef535f",
        "type": "github"
      },
      "original": {
        "owner": "numtide",
        "repo": "flake-utils",
        "type": "github"
      }
    },
    "flake-utils-pre-commit": {
      "locked": {
        "lastModified": 1644229661,
        "narHash": "sha256-1YdnJAsNy69bpcjuoKdOYQX0YxZBiCYZo4Twxerqv7k=",
        "owner": "numtide",
        "repo": "flake-utils",
        "rev": "3cecb5b042f7f209c56ffd8371b2711a290ec797",
        "type": "github"
      },
      "original": {
        "owner": "numtide",
        "repo": "flake-utils",
        "type": "github"
      }
    },
    "ghc-utils": {
      "flake": false,
      "locked": {
        "lastModified": 1662774800,
        "narHash": "sha256-1Rd2eohGUw/s1tfvkepeYpg8kCEXiIot0RijapUjAkE=",
        "ref": "refs/heads/master",
        "rev": "bb3a2d3dc52ff0253fb9c2812bd7aa2da03e0fea",
        "revCount": 1072,
        "type": "git",
        "url": "https://gitlab.haskell.org/bgamari/ghc-utils"
      },
      "original": {
        "type": "git",
        "url": "https://gitlab.haskell.org/bgamari/ghc-utils"
      }
    },
    "gitignore": {
      "inputs": {
        "nixpkgs": [
          "pre-commit-hooks",
          "nixpkgs"
        ]
      },
      "locked": {
        "lastModified": 1660459072,
        "narHash": "sha256-8DFJjXG8zqoONA1vXtgeKXy68KdJL5UaXR8NtVMUbx8=",
        "owner": "hercules-ci",
        "repo": "gitignore.nix",
        "rev": "a20de23b925fd8264fd7fad6454652e142fd7f73",
        "type": "github"
      },
      "original": {
        "owner": "hercules-ci",
        "repo": "gitignore.nix",
        "type": "github"
      }
    },
    "gomod2nix": {
      "flake": false,
      "locked": {
        "lastModified": 1627572165,
        "narHash": "sha256-MFpwnkvQpauj799b4QTBJQFEddbD02+Ln5k92QyHOSk=",
        "owner": "tweag",
        "repo": "gomod2nix",
        "rev": "67f22dd738d092c6ba88e420350ada0ed4992ae8",
        "type": "github"
      },
      "original": {
        "owner": "tweag",
        "repo": "gomod2nix",
        "type": "github"
      }
    },
    "mach-nix": {
      "flake": false,
      "locked": {
        "lastModified": 1634711045,
        "narHash": "sha256-m5A2Ty88NChLyFhXucECj6+AuiMZPHXNbw+9Kcs7F6Y=",
        "owner": "DavHau",
        "repo": "mach-nix",
        "rev": "4433f74a97b94b596fa6cd9b9c0402104aceef5d",
        "type": "github"
      },
      "original": {
        "id": "mach-nix",
        "type": "indirect"
      }
    },
    "nix-pypi-fetcher": {
      "flake": false,
      "locked": {
        "lastModified": 1669065297,
        "narHash": "sha256-UStjXjNIuIm7SzMOWvuYWIHBkPUKQ8Id63BMJjnIDoA=",
        "owner": "DavHau",
        "repo": "nix-pypi-fetcher",
        "rev": "a9885ac6a091576b5195d547ac743d45a2a615ac",
        "type": "github"
      },
      "original": {
        "owner": "DavHau",
        "repo": "nix-pypi-fetcher",
        "type": "github"
      }
    },
    "nixpkgs": {
      "locked": {
        "lastModified": 1665580254,
        "narHash": "sha256-hO61XPkp1Hphl4HGNzj1VvDH5URt7LI6LaY/385Eul4=",
        "owner": "NixOS",
        "repo": "nixpkgs",
        "rev": "f634d427b0224a5f531ea5aa10c3960ba6ec5f0f",
        "type": "github"
      },
      "original": {
        "id": "nixpkgs",
        "ref": "nixos-unstable",
        "type": "indirect"
      }
    },
    "nixpkgs-master": {
      "locked": {
        "lastModified": 1695278169,
        "narHash": "sha256-0j9Rf6vLOueasqDaG/tTNZ3sDNrYRMxLxLDwbygxgWI=",
        "owner": "NixOS",
        "repo": "nixpkgs",
        "rev": "53204fe466f8eb622686d881287111396d97e8e9",
        "type": "github"
      },
      "original": {
        "id": "nixpkgs",
        "ref": "master",
        "type": "indirect"
      }
    },
    "nixpkgs-stable": {
      "locked": {
        "lastModified": 1678872516,
        "narHash": "sha256-/E1YwtMtFAu2KUQKV/1+KFuReYPANM2Rzehk84VxVoc=",
        "owner": "NixOS",
        "repo": "nixpkgs",
        "rev": "9b8e5abb18324c7fe9f07cb100c3cd4a29cda8b8",
        "type": "github"
      },
      "original": {
        "owner": "NixOS",
        "ref": "nixos-22.11",
        "repo": "nixpkgs",
        "type": "github"
      }
    },
    "nixpkgsV1": {
      "locked": {
        "lastModified": 1678500271,
        "narHash": "sha256-tRBLElf6f02HJGG0ZR7znMNFv/Uf7b2fFInpTHiHaSE=",
        "owner": "NixOS",
        "repo": "nixpkgs",
        "rev": "5eb98948b66de29f899c7fe27ae112a47964baf8",
        "type": "github"
      },
      "original": {
        "id": "nixpkgs",
        "ref": "nixos-22.11",
        "type": "indirect"
      }
    },
    "nixpkgs_2": {
      "locked": {
        "lastModified": 1679262748,
        "narHash": "sha256-DQCrrAFrkxijC6haUzOC5ZoFqpcv/tg2WxnyW3np1Cc=",
        "owner": "NixOS",
        "repo": "nixpkgs",
        "rev": "60c1d71f2ba4c80178ec84523c2ca0801522e0a6",
        "type": "github"
      },
      "original": {
        "id": "nixpkgs",
        "ref": "nixos-unstable",
        "type": "indirect"
      }
    },
    "poetry2nix": {
      "flake": false,
      "locked": {
        "lastModified": 1666918719,
        "narHash": "sha256-BkK42fjAku+2WgCOv2/1NrPa754eQPV7gPBmoKQBWlc=",
        "owner": "nix-community",
        "repo": "poetry2nix",
        "rev": "289efb187123656a116b915206e66852f038720e",
        "type": "github"
      },
      "original": {
        "owner": "nix-community",
        "ref": "1.36.0",
        "repo": "poetry2nix",
        "type": "github"
      }
    },
    "pre-commit-hooks": {
      "inputs": {
        "flake-utils": [
          "dream2nix",
          "flake-utils-pre-commit"
        ],
        "nixpkgs": [
          "dream2nix",
          "nixpkgs"
        ]
      },
      "locked": {
        "lastModified": 1646153636,
        "narHash": "sha256-AlWHMzK+xJ1mG267FdT8dCq/HvLCA6jwmx2ZUy5O8tY=",
        "owner": "cachix",
        "repo": "pre-commit-hooks.nix",
        "rev": "b6bc0b21e1617e2b07d8205e7fae7224036dfa4b",
        "type": "github"
      },
      "original": {
        "owner": "cachix",
        "repo": "pre-commit-hooks.nix",
        "type": "github"
      }
    },
    "pre-commit-hooks_2": {
      "inputs": {
        "flake-compat": "flake-compat_2",
        "flake-utils": "flake-utils",
        "gitignore": "gitignore",
        "nixpkgs": [
          "nixpkgs"
        ],
        "nixpkgs-stable": "nixpkgs-stable"
      },
      "locked": {
        "lastModified": 1678976941,
        "narHash": "sha256-skNr08frCwN9NO+7I77MjOHHAw+L410/37JknNld+W4=",
        "owner": "cachix",
        "repo": "pre-commit-hooks.nix",
        "rev": "32b1dbedfd77892a6e375737ef04d8efba634e9e",
        "type": "github"
      },
      "original": {
        "owner": "cachix",
        "repo": "pre-commit-hooks.nix",
        "type": "github"
      }
    },
    "pruned-racket-catalog": {
      "flake": false,
      "locked": {
        "lastModified": 1672537287,
        "narHash": "sha256-SuOvXVcLfakw18oJB/PuRMyvGyGG1+CQD3R+TGHIv44=",
        "owner": "nix-community",
        "repo": "pruned-racket-catalog",
        "rev": "c8b89557fb53b36efa2ee48a769c7364df0f6262",
        "type": "github"
      },
      "original": {
        "owner": "nix-community",
        "ref": "catalog",
        "repo": "pruned-racket-catalog",
        "type": "github"
      }
    },
    "root": {
      "inputs": {
        "dream2nix": "dream2nix",
        "nixpkgs": "nixpkgs_2",
        "nixpkgs-master": "nixpkgs-master",
        "pre-commit-hooks": "pre-commit-hooks_2"
      }
    }
  },
  "root": "root",
  "version": 7
}
